
Microsoft Visual Studio Solution File, Format Version 12.00
# Visual Studio Version 17
VisualStudioVersion = 17.0.31903.59
MinimumVisualStudioVersion = 10.0.40219.1
Project("{FAE04EC0-301F-11D3-BF4B-00C04F79EFBC}") = "kula", "kula\kula.csproj", "{C68905EA-5F85-4709-AAE1-E8C695E51823}"
EndProject
Project("{FAE04EC0-301F-11D3-BF4B-00C04F79EFBC}") = "kula-cli", "kula-cli\kula-cli.csproj", "{5ECA81EE-3CF0-41A4-AB70-B43EA42F416B}"
EndProject
Global
	GlobalSection(SolutionConfigurationPlatforms) = preSolution
		Debug|Any CPU = Debug|Any CPU
		Release|Any CPU = Release|Any CPU
	EndGlobalSection
	GlobalSection(SolutionProperties) = preSolution
		HideSolutionNode = FALSE
	EndGlobalSection
	GlobalSection(ProjectConfigurationPlatforms) = postSolution
		{C68905EA-5F85-4709-AAE1-E8C695E51823}.Debug|Any CPU.ActiveCfg = Debug|Any CPU
		{C68905EA-5F85-4709-AAE1-E8C695E51823}.Debug|Any CPU.Build.0 = Debug|Any CPU
		{C68905EA-5F85-4709-AAE1-E8C695E51823}.Release|Any CPU.ActiveCfg = Release|Any CPU
		{C68905EA-5F85-4709-AAE1-E8C695E51823}.Release|Any CPU.Build.0 = Release|Any CPU
		{5ECA81EE-3CF0-41A4-AB70-B43EA42F416B}.Debug|Any CPU.ActiveCfg = Debug|Any CPU
		{5ECA81EE-3CF0-41A4-AB70-B43EA42F416B}.Debug|Any CPU.Build.0 = Debug|Any CPU
		{5ECA81EE-3CF0-41A4-AB70-B43EA42F416B}.Release|Any CPU.ActiveCfg = Release|Any CPU
		{5ECA81EE-3CF0-41A4-AB70-B43EA42F416B}.Release|Any CPU.Build.0 = Release|Any CPU
	EndGlobalSection
EndGlobal
